{
  "requires": true,
  "lockfileVersion": 1,
  "dependencies": {
    "@popperjs/core": {
      "version": "2.8.0",
      "resolved": "https://registry.npmjs.org/@popperjs/core/-/core-2.8.0.tgz",
      "integrity": "sha512-3/bHDejUVbncu7zbBpiIOAbl61i5XATrFQl7NMBtgls0PJjU7VKHvf8pvavNcXriZy2Qp0Gds39KyvBGGtZO4A=="
    }
  }
}
